
Microsoft Visual Studio Solution File, Format Version 12.00
# Visual Studio Version 17
VisualStudioVersion = 17.3.32922.545
MinimumVisualStudioVersion = 10.0.40219.1
Project("{FAE04EC0-301F-11D3-BF4B-00C04F79EFBC}") = "exercise_1", "exercise_1\exercise_1.csproj", "{8F0FDE8E-0A86-4885-AF4F-F42A896E6F5F}"
EndProject
Project("{FAE04EC0-301F-11D3-BF4B-00C04F79EFBC}") = "exercise_2", "exercise_2\exercise_2.csproj", "{02354671-02FD-4B4D-9DC5-818C24483FAD}"
EndProject
Project("{FAE04EC0-301F-11D3-BF4B-00C04F79EFBC}") = "exercise_3", "exercise_3\exercise_3.csproj", "{B2ED7C47-92C4-4968-9172-8E9FA79935F5}"
EndProject
Project("{FAE04EC0-301F-11D3-BF4B-00C04F79EFBC}") = "exercise_4", "exercise_4\exercise_4.csproj", "{E6A28520-46BD-4FE1-82CA-B22BF4C5C803}"
EndProject
Global
	GlobalSection(SolutionConfigurationPlatforms) = preSolution
		Debug|Any CPU = Debug|Any CPU
		Release|Any CPU = Release|Any CPU
	EndGlobalSection
	GlobalSection(ProjectConfigurationPlatforms) = postSolution
		{8F0FDE8E-0A86-4885-AF4F-F42A896E6F5F}.Debug|Any CPU.ActiveCfg = Debug|Any CPU
		{8F0FDE8E-0A86-4885-AF4F-F42A896E6F5F}.Debug|Any CPU.Build.0 = Debug|Any CPU
		{8F0FDE8E-0A86-4885-AF4F-F42A896E6F5F}.Release|Any CPU.ActiveCfg = Release|Any CPU
		{8F0FDE8E-0A86-4885-AF4F-F42A896E6F5F}.Release|Any CPU.Build.0 = Release|Any CPU
		{02354671-02FD-4B4D-9DC5-818C24483FAD}.Debug|Any CPU.ActiveCfg = Debug|Any CPU
		{02354671-02FD-4B4D-9DC5-818C24483FAD}.Debug|Any CPU.Build.0 = Debug|Any CPU
		{02354671-02FD-4B4D-9DC5-818C24483FAD}.Release|Any CPU.ActiveCfg = Release|Any CPU
		{02354671-02FD-4B4D-9DC5-818C24483FAD}.Release|Any CPU.Build.0 = Release|Any CPU
		{B2ED7C47-92C4-4968-9172-8E9FA79935F5}.Debug|Any CPU.ActiveCfg = Debug|Any CPU
		{B2ED7C47-92C4-4968-9172-8E9FA79935F5}.Debug|Any CPU.Build.0 = Debug|Any CPU
		{B2ED7C47-92C4-4968-9172-8E9FA79935F5}.Release|Any CPU.ActiveCfg = Release|Any CPU
		{B2ED7C47-92C4-4968-9172-8E9FA79935F5}.Release|Any CPU.Build.0 = Release|Any CPU
		{E6A28520-46BD-4FE1-82CA-B22BF4C5C803}.Debug|Any CPU.ActiveCfg = Debug|Any CPU
		{E6A28520-46BD-4FE1-82CA-B22BF4C5C803}.Debug|Any CPU.Build.0 = Debug|Any CPU
		{E6A28520-46BD-4FE1-82CA-B22BF4C5C803}.Release|Any CPU.ActiveCfg = Release|Any CPU
		{E6A28520-46BD-4FE1-82CA-B22BF4C5C803}.Release|Any CPU.Build.0 = Release|Any CPU
	EndGlobalSection
	GlobalSection(SolutionProperties) = preSolution
		HideSolutionNode = FALSE
	EndGlobalSection
	GlobalSection(ExtensibilityGlobals) = postSolution
		SolutionGuid = {5EF28E21-EDDD-4929-9385-427310832E55}
	EndGlobalSection
EndGlobal
